
Microsoft Visual Studio Solution File, Format Version 12.00
# Visual Studio Version 17
VisualStudioVersion = 17.14.36518.9 d17.14
MinimumVisualStudioVersion = 10.0.40219.1
Project("{FAE04EC0-301F-11D3-BF4B-00C04F79EFBC}") = "firstAPI", "firstAPI\firstAPI.csproj", "{84D4BB30-1AFA-4F6E-9F9D-C5BBCF4CBCD2}"
EndProject
Project("{FAE04EC0-301F-11D3-BF4B-00C04F79EFBC}") = "ClassLibrary1", "ClassLibrary1\ClassLibrary1.csproj", "{1EDB9E32-9A81-4985-97DA-B078DF6B8EEB}"
EndProject
Global
	GlobalSection(SolutionConfigurationPlatforms) = preSolution
		Debug|Any CPU = Debug|Any CPU
		Release|Any CPU = Release|Any CPU
	EndGlobalSection
	GlobalSection(ProjectConfigurationPlatforms) = postSolution
		{84D4BB30-1AFA-4F6E-9F9D-C5BBCF4CBCD2}.Debug|Any CPU.ActiveCfg = Debug|Any CPU
		{84D4BB30-1AFA-4F6E-9F9D-C5BBCF4CBCD2}.Debug|Any CPU.Build.0 = Debug|Any CPU
		{84D4BB30-1AFA-4F6E-9F9D-C5BBCF4CBCD2}.Release|Any CPU.ActiveCfg = Release|Any CPU
		{84D4BB30-1AFA-4F6E-9F9D-C5BBCF4CBCD2}.Release|Any CPU.Build.0 = Release|Any CPU
		{1EDB9E32-9A81-4985-97DA-B078DF6B8EEB}.Debug|Any CPU.ActiveCfg = Debug|Any CPU
		{1EDB9E32-9A81-4985-97DA-B078DF6B8EEB}.Debug|Any CPU.Build.0 = Debug|Any CPU
		{1EDB9E32-9A81-4985-97DA-B078DF6B8EEB}.Release|Any CPU.ActiveCfg = Release|Any CPU
		{1EDB9E32-9A81-4985-97DA-B078DF6B8EEB}.Release|Any CPU.Build.0 = Release|Any CPU
	EndGlobalSection
	GlobalSection(SolutionProperties) = preSolution
		HideSolutionNode = FALSE
	EndGlobalSection
	GlobalSection(ExtensibilityGlobals) = postSolution
		SolutionGuid = {BD25B5BE-D06E-4181-A5C0-3D34E6416B90}
	EndGlobalSection
EndGlobal
