
Microsoft Visual Studio Solution File, Format Version 12.00
# Visual Studio Version 17
VisualStudioVersion = 17.14.36518.9
MinimumVisualStudioVersion = 10.0.40219.1
Project("{FAE04EC0-301F-11D3-BF4B-00C04F79EFBC}") = "OptPlatform.Api", "OptPlatform.Api\OptPlatform.Api.csproj", "{84D4BB30-1AFA-4F6E-9F9D-C5BBCF4CBCD2}"
EndProject
Project("{FAE04EC0-301F-11D3-BF4B-00C04F79EFBC}") = "OptPlatform.Domain", "OptPlatform.Domain\OptPlatform.Domain.csproj", "{5A43C8C7-B021-4D1B-8972-D63D83BCD47C}"
EndProject
Project("{FAE04EC0-301F-11D3-BF4B-00C04F79EFBC}") = "OptPlatform.Infrastructure", "OptPlatform.Infrastructure\OptPlatform.Infrastructure.csproj", "{DE268EF9-CD7E-490D-B836-27116FB53FB8}"
EndProject
Project("{FAE04EC0-301F-11D3-BF4B-00C04F79EFBC}") = "OptPlatform.Application", "OptPlatform.Application\OptPlatform.Application.csproj", "{6B41CAA7-F9E4-4639-8C9F-4132E5BFDC79}"
EndProject
Project("{2150E333-8FDC-42A3-9474-1A3956D46DE8}") = "Элементы решения", "Элементы решения", "{754FC069-D67B-A9D7-50A1-8D1CA196D8F1}"
	ProjectSection(SolutionItems) = preProject
		.dockerignore = .dockerignore
		docker-compose.yml = docker-compose.yml
		firstAPI\Dockerfile = firstAPI\Dockerfile
	EndProjectSection
EndProject
Project("{FAE04EC0-301F-11D3-BF4B-00C04F79EFBC}") = "OptPlatform.Tests", "OptPlatform.Tests\OptPlatform.Tests.csproj", "{2E45EC05-B04A-4D12-83DF-EBA7DBD0E436}"
EndProject
Global
	GlobalSection(SolutionConfigurationPlatforms) = preSolution
		Debug|Any CPU = Debug|Any CPU
		Release|Any CPU = Release|Any CPU
	EndGlobalSection
	GlobalSection(ProjectConfigurationPlatforms) = postSolution
		{84D4BB30-1AFA-4F6E-9F9D-C5BBCF4CBCD2}.Debug|Any CPU.ActiveCfg = Debug|Any CPU
		{84D4BB30-1AFA-4F6E-9F9D-C5BBCF4CBCD2}.Debug|Any CPU.Build.0 = Debug|Any CPU
		{84D4BB30-1AFA-4F6E-9F9D-C5BBCF4CBCD2}.Release|Any CPU.ActiveCfg = Release|Any CPU
		{84D4BB30-1AFA-4F6E-9F9D-C5BBCF4CBCD2}.Release|Any CPU.Build.0 = Release|Any CPU
		{5A43C8C7-B021-4D1B-8972-D63D83BCD47C}.Debug|Any CPU.ActiveCfg = Debug|Any CPU
		{5A43C8C7-B021-4D1B-8972-D63D83BCD47C}.Debug|Any CPU.Build.0 = Debug|Any CPU
		{5A43C8C7-B021-4D1B-8972-D63D83BCD47C}.Release|Any CPU.ActiveCfg = Release|Any CPU
		{5A43C8C7-B021-4D1B-8972-D63D83BCD47C}.Release|Any CPU.Build.0 = Release|Any CPU
		{DE268EF9-CD7E-490D-B836-27116FB53FB8}.Debug|Any CPU.ActiveCfg = Debug|Any CPU
		{DE268EF9-CD7E-490D-B836-27116FB53FB8}.Debug|Any CPU.Build.0 = Debug|Any CPU
		{DE268EF9-CD7E-490D-B836-27116FB53FB8}.Release|Any CPU.ActiveCfg = Release|Any CPU
		{DE268EF9-CD7E-490D-B836-27116FB53FB8}.Release|Any CPU.Build.0 = Release|Any CPU
		{6B41CAA7-F9E4-4639-8C9F-4132E5BFDC79}.Debug|Any CPU.ActiveCfg = Debug|Any CPU
		{6B41CAA7-F9E4-4639-8C9F-4132E5BFDC79}.Debug|Any CPU.Build.0 = Debug|Any CPU
		{6B41CAA7-F9E4-4639-8C9F-4132E5BFDC79}.Release|Any CPU.ActiveCfg = Release|Any CPU
		{6B41CAA7-F9E4-4639-8C9F-4132E5BFDC79}.Release|Any CPU.Build.0 = Release|Any CPU
		{2E45EC05-B04A-4D12-83DF-EBA7DBD0E436}.Debug|Any CPU.ActiveCfg = Debug|Any CPU
		{2E45EC05-B04A-4D12-83DF-EBA7DBD0E436}.Debug|Any CPU.Build.0 = Debug|Any CPU
		{2E45EC05-B04A-4D12-83DF-EBA7DBD0E436}.Release|Any CPU.ActiveCfg = Release|Any CPU
		{2E45EC05-B04A-4D12-83DF-EBA7DBD0E436}.Release|Any CPU.Build.0 = Release|Any CPU
	EndGlobalSection
	GlobalSection(SolutionProperties) = preSolution
		HideSolutionNode = FALSE
	EndGlobalSection
	GlobalSection(ExtensibilityGlobals) = postSolution
		SolutionGuid = {BD25B5BE-D06E-4181-A5C0-3D34E6416B90}
	EndGlobalSection
EndGlobal
